
Microsoft Visual Studio Solution File, Format Version 12.00
# Visual Studio Version 17
VisualStudioVersion = 17.6.33815.320
MinimumVisualStudioVersion = 10.0.40219.1
Project("{2150E333-8FDC-42A3-9474-1A3956D46DE8}") = "src", "src", "{C05CC726-8F95-47F8-BEAC-FD5D26C5CF13}"
EndProject
Project("{2150E333-8FDC-42A3-9474-1A3956D46DE8}") = "Api", "Api", "{76CCAAD9-921C-4BC5-895E-26C753E75FEA}"
EndProject
Project("{2150E333-8FDC-42A3-9474-1A3956D46DE8}") = "Client", "Client", "{B492D208-3D5D-4CEE-9AF8-B2453710FF12}"
EndProject
Project("{9A19103F-16F7-4668-BE54-9A1E7A4F7556}") = "Watchflix.Api.Movies", "src\Api\Watchflix.Api.Movies\Watchflix.Api.Movies.csproj", "{3F9E9AB5-83ED-45BC-8056-14911295FE73}"
EndProject
Project("{9A19103F-16F7-4668-BE54-9A1E7A4F7556}") = "Watchflix.Api.Payment", "src\Api\Watchflix.Api.Payment\Watchflix.Api.Payment.csproj", "{A6B784EE-0CF2-4645-BAAF-A7CCBE2C4C6B}"
EndProject
Project("{9A19103F-16F7-4668-BE54-9A1E7A4F7556}") = "Watchflix.Api.Comment", "src\Api\Watchflix.Api.Comment\Watchflix.Api.Comment.csproj", "{A8AE0B99-3D1B-4999-9C49-1B1CF017D6B7}"
EndProject
Project("{9A19103F-16F7-4668-BE54-9A1E7A4F7556}") = "Watchflix.Api.Order", "src\Api\Watchflix.Api.Order\Watchflix.Api.Order.csproj", "{FE81B434-06B8-427A-9330-3B851FC93468}"
EndProject
Project("{2150E333-8FDC-42A3-9474-1A3956D46DE8}") = "Shared", "Shared", "{B577FE6F-A2F6-4547-92DA-15BBA1E225BB}"
EndProject
Project("{9A19103F-16F7-4668-BE54-9A1E7A4F7556}") = "Watchflix.Shared", "src\Shared\Watchflix.Shared\Watchflix.Shared.csproj", "{F66A303A-19DC-42F6-BD20-E5E86DFB939A}"
EndProject
Project("{9A19103F-16F7-4668-BE54-9A1E7A4F7556}") = "Watchflix.Api.MediaPlayer", "src\Api\Watchflix.Api.MediaPlayer\Watchflix.Api.MediaPlayer.csproj", "{2D421DBA-1E47-454B-829A-26C3DD0459DB}"
EndProject
Project("{9A19103F-16F7-4668-BE54-9A1E7A4F7556}") = "Watchflix.Client.MVC", "src\Client\Watchflix.Client.MVC\Watchflix.Client.MVC.csproj", "{6B1FD89D-E3D4-43B8-9664-22C8A71AF1D2}"
EndProject
Project("{9A19103F-16F7-4668-BE54-9A1E7A4F7556}") = "Watchflix.Api.Gateway", "src\Api\Watchflix.Api.Gateway\Watchflix.Api.Gateway.csproj", "{02623EC0-535F-4CE4-ABCE-E31CDC469BD8}"
EndProject
Project("{9A19103F-16F7-4668-BE54-9A1E7A4F7556}") = "Watchflix.Api.Identity", "src\Api\Watchflix.Api.Identity\Watchflix.Api.Identity.csproj", "{C2B02898-9A7C-42B3-B1EB-1FE85B4C23DB}"
EndProject
Project("{9A19103F-16F7-4668-BE54-9A1E7A4F7556}") = "StateMachineWorkerService", "src\Api\StateMachineWorkerService\StateMachineWorkerService.csproj", "{8172E202-579F-46DB-93C5-D076EB480679}"
EndProject
Project("{2150E333-8FDC-42A3-9474-1A3956D46DE8}") = "Services", "Services", "{7F4E6545-31B3-4AC5-97DF-E19334A58291}"
EndProject
Project("{2150E333-8FDC-42A3-9474-1A3956D46DE8}") = "Gateways", "Gateways", "{DF3616A9-CDC7-437B-A55D-2493B4BE46F8}"
EndProject
Project("{2150E333-8FDC-42A3-9474-1A3956D46DE8}") = "Identity", "Identity", "{677A4FEB-9933-4AE6-AA99-954B752803B1}"
EndProject
Global
	GlobalSection(SolutionConfigurationPlatforms) = preSolution
		Debug|Any CPU = Debug|Any CPU
		Release|Any CPU = Release|Any CPU
	EndGlobalSection
	GlobalSection(ProjectConfigurationPlatforms) = postSolution
		{3F9E9AB5-83ED-45BC-8056-14911295FE73}.Debug|Any CPU.ActiveCfg = Debug|Any CPU
		{3F9E9AB5-83ED-45BC-8056-14911295FE73}.Debug|Any CPU.Build.0 = Debug|Any CPU
		{3F9E9AB5-83ED-45BC-8056-14911295FE73}.Release|Any CPU.ActiveCfg = Release|Any CPU
		{3F9E9AB5-83ED-45BC-8056-14911295FE73}.Release|Any CPU.Build.0 = Release|Any CPU
		{A6B784EE-0CF2-4645-BAAF-A7CCBE2C4C6B}.Debug|Any CPU.ActiveCfg = Debug|Any CPU
		{A6B784EE-0CF2-4645-BAAF-A7CCBE2C4C6B}.Debug|Any CPU.Build.0 = Debug|Any CPU
		{A6B784EE-0CF2-4645-BAAF-A7CCBE2C4C6B}.Release|Any CPU.ActiveCfg = Release|Any CPU
		{A6B784EE-0CF2-4645-BAAF-A7CCBE2C4C6B}.Release|Any CPU.Build.0 = Release|Any CPU
		{A8AE0B99-3D1B-4999-9C49-1B1CF017D6B7}.Debug|Any CPU.ActiveCfg = Debug|Any CPU
		{A8AE0B99-3D1B-4999-9C49-1B1CF017D6B7}.Debug|Any CPU.Build.0 = Debug|Any CPU
		{A8AE0B99-3D1B-4999-9C49-1B1CF017D6B7}.Release|Any CPU.ActiveCfg = Release|Any CPU
		{A8AE0B99-3D1B-4999-9C49-1B1CF017D6B7}.Release|Any CPU.Build.0 = Release|Any CPU
		{FE81B434-06B8-427A-9330-3B851FC93468}.Debug|Any CPU.ActiveCfg = Debug|Any CPU
		{FE81B434-06B8-427A-9330-3B851FC93468}.Debug|Any CPU.Build.0 = Debug|Any CPU
		{FE81B434-06B8-427A-9330-3B851FC93468}.Release|Any CPU.ActiveCfg = Release|Any CPU
		{FE81B434-06B8-427A-9330-3B851FC93468}.Release|Any CPU.Build.0 = Release|Any CPU
		{F66A303A-19DC-42F6-BD20-E5E86DFB939A}.Debug|Any CPU.ActiveCfg = Debug|Any CPU
		{F66A303A-19DC-42F6-BD20-E5E86DFB939A}.Debug|Any CPU.Build.0 = Debug|Any CPU
		{F66A303A-19DC-42F6-BD20-E5E86DFB939A}.Release|Any CPU.ActiveCfg = Release|Any CPU
		{F66A303A-19DC-42F6-BD20-E5E86DFB939A}.Release|Any CPU.Build.0 = Release|Any CPU
		{2D421DBA-1E47-454B-829A-26C3DD0459DB}.Debug|Any CPU.ActiveCfg = Debug|Any CPU
		{2D421DBA-1E47-454B-829A-26C3DD0459DB}.Debug|Any CPU.Build.0 = Debug|Any CPU
		{2D421DBA-1E47-454B-829A-26C3DD0459DB}.Release|Any CPU.ActiveCfg = Release|Any CPU
		{2D421DBA-1E47-454B-829A-26C3DD0459DB}.Release|Any CPU.Build.0 = Release|Any CPU
		{6B1FD89D-E3D4-43B8-9664-22C8A71AF1D2}.Debug|Any CPU.ActiveCfg = Debug|Any CPU
		{6B1FD89D-E3D4-43B8-9664-22C8A71AF1D2}.Debug|Any CPU.Build.0 = Debug|Any CPU
		{6B1FD89D-E3D4-43B8-9664-22C8A71AF1D2}.Release|Any CPU.ActiveCfg = Release|Any CPU
		{6B1FD89D-E3D4-43B8-9664-22C8A71AF1D2}.Release|Any CPU.Build.0 = Release|Any CPU
		{02623EC0-535F-4CE4-ABCE-E31CDC469BD8}.Debug|Any CPU.ActiveCfg = Debug|Any CPU
		{02623EC0-535F-4CE4-ABCE-E31CDC469BD8}.Debug|Any CPU.Build.0 = Debug|Any CPU
		{02623EC0-535F-4CE4-ABCE-E31CDC469BD8}.Release|Any CPU.ActiveCfg = Release|Any CPU
		{02623EC0-535F-4CE4-ABCE-E31CDC469BD8}.Release|Any CPU.Build.0 = Release|Any CPU
		{C2B02898-9A7C-42B3-B1EB-1FE85B4C23DB}.Debug|Any CPU.ActiveCfg = Debug|Any CPU
		{C2B02898-9A7C-42B3-B1EB-1FE85B4C23DB}.Debug|Any CPU.Build.0 = Debug|Any CPU
		{C2B02898-9A7C-42B3-B1EB-1FE85B4C23DB}.Release|Any CPU.ActiveCfg = Release|Any CPU
		{C2B02898-9A7C-42B3-B1EB-1FE85B4C23DB}.Release|Any CPU.Build.0 = Release|Any CPU
		{8172E202-579F-46DB-93C5-D076EB480679}.Debug|Any CPU.ActiveCfg = Debug|Any CPU
		{8172E202-579F-46DB-93C5-D076EB480679}.Debug|Any CPU.Build.0 = Debug|Any CPU
		{8172E202-579F-46DB-93C5-D076EB480679}.Release|Any CPU.ActiveCfg = Release|Any CPU
		{8172E202-579F-46DB-93C5-D076EB480679}.Release|Any CPU.Build.0 = Release|Any CPU
	EndGlobalSection
	GlobalSection(SolutionProperties) = preSolution
		HideSolutionNode = FALSE
	EndGlobalSection
	GlobalSection(NestedProjects) = preSolution
		{76CCAAD9-921C-4BC5-895E-26C753E75FEA} = {C05CC726-8F95-47F8-BEAC-FD5D26C5CF13}
		{B492D208-3D5D-4CEE-9AF8-B2453710FF12} = {C05CC726-8F95-47F8-BEAC-FD5D26C5CF13}
		{3F9E9AB5-83ED-45BC-8056-14911295FE73} = {7F4E6545-31B3-4AC5-97DF-E19334A58291}
		{A6B784EE-0CF2-4645-BAAF-A7CCBE2C4C6B} = {7F4E6545-31B3-4AC5-97DF-E19334A58291}
		{A8AE0B99-3D1B-4999-9C49-1B1CF017D6B7} = {7F4E6545-31B3-4AC5-97DF-E19334A58291}
		{FE81B434-06B8-427A-9330-3B851FC93468} = {7F4E6545-31B3-4AC5-97DF-E19334A58291}
		{B577FE6F-A2F6-4547-92DA-15BBA1E225BB} = {C05CC726-8F95-47F8-BEAC-FD5D26C5CF13}
		{F66A303A-19DC-42F6-BD20-E5E86DFB939A} = {B577FE6F-A2F6-4547-92DA-15BBA1E225BB}
		{2D421DBA-1E47-454B-829A-26C3DD0459DB} = {7F4E6545-31B3-4AC5-97DF-E19334A58291}
		{6B1FD89D-E3D4-43B8-9664-22C8A71AF1D2} = {B492D208-3D5D-4CEE-9AF8-B2453710FF12}
		{02623EC0-535F-4CE4-ABCE-E31CDC469BD8} = {DF3616A9-CDC7-437B-A55D-2493B4BE46F8}
		{C2B02898-9A7C-42B3-B1EB-1FE85B4C23DB} = {677A4FEB-9933-4AE6-AA99-954B752803B1}
		{8172E202-579F-46DB-93C5-D076EB480679} = {7F4E6545-31B3-4AC5-97DF-E19334A58291}
		{7F4E6545-31B3-4AC5-97DF-E19334A58291} = {76CCAAD9-921C-4BC5-895E-26C753E75FEA}
		{DF3616A9-CDC7-437B-A55D-2493B4BE46F8} = {76CCAAD9-921C-4BC5-895E-26C753E75FEA}
		{677A4FEB-9933-4AE6-AA99-954B752803B1} = {76CCAAD9-921C-4BC5-895E-26C753E75FEA}
	EndGlobalSection
	GlobalSection(ExtensibilityGlobals) = postSolution
		SolutionGuid = {A46DCE9E-9FF1-49AC-86ED-D6E6BCCEB682}
	EndGlobalSection
EndGlobal
